
Microsoft Visual Studio Solution File, Format Version 12.00
# Visual Studio 2012
Project("{FAE04EC0-301F-11D3-BF4B-00C04F79EFBC}") = "Bai_tap_9", "Bai_tap_9\Bai_tap_9.csproj", "{24768E81-1999-4008-AD7E-2C089B13E33C}"
EndProject
Global
	GlobalSection(SolutionConfigurationPlatforms) = preSolution
		Debug|x86 = Debug|x86
		Release|x86 = Release|x86
	EndGlobalSection
	GlobalSection(ProjectConfigurationPlatforms) = postSolution
		{24768E81-1999-4008-AD7E-2C089B13E33C}.Debug|x86.ActiveCfg = Debug|x86
		{24768E81-1999-4008-AD7E-2C089B13E33C}.Debug|x86.Build.0 = Debug|x86
		{24768E81-1999-4008-AD7E-2C089B13E33C}.Release|x86.ActiveCfg = Release|x86
		{24768E81-1999-4008-AD7E-2C089B13E33C}.Release|x86.Build.0 = Release|x86
	EndGlobalSection
EndGlobal
